// !$*UTF8*$!
{
	archiveVersion = 1;
	classes = {
	};
	objectVersion = 50;
	objects = {

/* Begin PBXBuildFile section */
		796320B622145263000CC2CB /* camera.cpp in Sources */ = {isa = PBXBuildFile; fileRef = 796320AD22144655000CC2CB /* camera.cpp */; };
		796320B7221452AA000CC2CB /* volumebox.cpp in Sources */ = {isa = PBXBuildFile; fileRef = 796320B322144720000CC2CB /* volumebox.cpp */; };
		796320BA221468E3000CC2CB /* image_io_png.cpp in Sources */ = {isa = PBXBuildFile; fileRef = 796320B9221468E3000CC2CB /* image_io_png.cpp */; };
		79D032EE22139C6D00ABE1F1 /* libomp.dylib in Frameworks */ = {isa = PBXBuildFile; fileRef = 79D032ED22139C6D00ABE1F1 /* libomp.dylib */; };
		79D9AB31220F582700C378C7 /* main.cpp in Sources */ = {isa = PBXBuildFile; fileRef = 79D9AB30220F582700C378C7 /* main.cpp */; };
/* End PBXBuildFile section */

/* Begin PBXCopyFilesBuildPhase section */
		79D9AB2B220F582700C378C7 /* CopyFiles */ = {
			isa = PBXCopyFilesBuildPhase;
			buildActionMask = 2147483647;
			dstPath = /usr/share/man/man1;
			dstSubfolderSpec = 0;
			files = (
			);
			runOnlyForDeploymentPostprocessing = 1;
		};
/* End PBXCopyFilesBuildPhase section */

/* Begin PBXFileReference section */
		796320AD22144655000CC2CB /* camera.cpp */ = {isa = PBXFileReference; lastKnownFileType = sourcecode.cpp.cpp; path = camera.cpp; sourceTree = "<group>"; };
		796320AE22144655000CC2CB /* camera.hpp */ = {isa = PBXFileReference; lastKnownFileType = sourcecode.cpp.h; path = camera.hpp; sourceTree = "<group>"; };
		796320B022144706000CC2CB /* tinyxml2.cpp */ = {isa = PBXFileReference; lastKnownFileType = sourcecode.cpp.cpp; path = tinyxml2.cpp; sourceTree = "<group>"; };
		796320B122144706000CC2CB /* tinyxml2.h */ = {isa = PBXFileReference; lastKnownFileType = sourcecode.c.h; path = tinyxml2.h; sourceTree = "<group>"; };
		796320B322144720000CC2CB /* volumebox.cpp */ = {isa = PBXFileReference; lastKnownFileType = sourcecode.cpp.cpp; path = volumebox.cpp; sourceTree = "<group>"; };
		796320B422144720000CC2CB /* volumebox.hpp */ = {isa = PBXFileReference; lastKnownFileType = sourcecode.cpp.h; path = volumebox.hpp; sourceTree = "<group>"; };
		796320B9221468E3000CC2CB /* image_io_png.cpp */ = {isa = PBXFileReference; fileEncoding = 4; lastKnownFileType = sourcecode.cpp.cpp; name = image_io_png.cpp; path = "../../daisy-1.8.1/src/image_io_png.cpp"; sourceTree = "<group>"; };
		79D032ED22139C6D00ABE1F1 /* libomp.dylib */ = {isa = PBXFileReference; lastKnownFileType = "compiled.mach-o.dylib"; name = libomp.dylib; path = ../../../../../usr/local/Cellar/llvm/7.0.1/Toolchains/LLVM7.0.1.xctoolchain/usr/lib/libomp.dylib; sourceTree = "<group>"; };
		79D9AB2D220F582700C378C7 /* Rec3D */ = {isa = PBXFileReference; explicitFileType = "compiled.mach-o.executable"; includeInIndex = 0; path = Rec3D; sourceTree = BUILT_PRODUCTS_DIR; };
		79D9AB30220F582700C378C7 /* main.cpp */ = {isa = PBXFileReference; fileEncoding = 4; lastKnownFileType = sourcecode.cpp.cpp; path = main.cpp; sourceTree = "<group>"; };
/* End PBXFileReference section */

/* Begin PBXFrameworksBuildPhase section */
		79D9AB2A220F582700C378C7 /* Frameworks */ = {
			isa = PBXFrameworksBuildPhase;
			buildActionMask = 2147483647;
			files = (
				79D032EE22139C6D00ABE1F1 /* libomp.dylib in Frameworks */,
			);
			runOnlyForDeploymentPostprocessing = 0;
		};
/* End PBXFrameworksBuildPhase section */

/* Begin PBXGroup section */
		79D9AB24220F582700C378C7 = {
			isa = PBXGroup;
			children = (
				79D9AB2F220F582700C378C7 /* src */,
				79D9AB2E220F582700C378C7 /* Products */,
				79D9ABE7220F69E300C378C7 /* Frameworks */,
			);
			sourceTree = "<group>";
		};
		79D9AB2E220F582700C378C7 /* Products */ = {
			isa = PBXGroup;
			children = (
				79D9AB2D220F582700C378C7 /* Rec3D */,
			);
			name = Products;
			sourceTree = "<group>";
		};
		79D9AB2F220F582700C378C7 /* src */ = {
			isa = PBXGroup;
			children = (
				796320B9221468E3000CC2CB /* image_io_png.cpp */,
				79D9AB30220F582700C378C7 /* main.cpp */,
				796320AD22144655000CC2CB /* camera.cpp */,
				796320AE22144655000CC2CB /* camera.hpp */,
				796320B022144706000CC2CB /* tinyxml2.cpp */,
				796320B122144706000CC2CB /* tinyxml2.h */,
				796320B322144720000CC2CB /* volumebox.cpp */,
				796320B422144720000CC2CB /* volumebox.hpp */,
			);
			path = src;
			sourceTree = "<group>";
		};
		79D9ABE7220F69E300C378C7 /* Frameworks */ = {
			isa = PBXGroup;
			children = (
				79D032ED22139C6D00ABE1F1 /* libomp.dylib */,
			);
			name = Frameworks;
			sourceTree = "<group>";
		};
/* End PBXGroup section */

/* Begin PBXNativeTarget section */
		79D9AB2C220F582700C378C7 /* Rec3D */ = {
			isa = PBXNativeTarget;
			buildConfigurationList = 79D9AB34220F582700C378C7 /* Build configuration list for PBXNativeTarget "Rec3D" */;
			buildPhases = (
				79D9AB29220F582700C378C7 /* Sources */,
				79D9AB2A220F582700C378C7 /* Frameworks */,
				79D9AB2B220F582700C378C7 /* CopyFiles */,
			);
			buildRules = (
			);
			dependencies = (
			);
			name = Rec3D;
			productName = Test;
			productReference = 79D9AB2D220F582700C378C7 /* Rec3D */;
			productType = "com.apple.product-type.tool";
		};
/* End PBXNativeTarget section */

/* Begin PBXProject section */
		79D9AB25220F582700C378C7 /* Project object */ = {
			isa = PBXProject;
			attributes = {
				LastUpgradeCheck = 1010;
				ORGANIZATIONNAME = Helena;
				TargetAttributes = {
					79D9AB2C220F582700C378C7 = {
						CreatedOnToolsVersion = 10.1;
					};
				};
			};
			buildConfigurationList = 79D9AB28220F582700C378C7 /* Build configuration list for PBXProject "Rec3D" */;
			compatibilityVersion = "Xcode 9.3";
			developmentRegion = en;
			hasScannedForEncodings = 0;
			knownRegions = (
				en,
				Base,
			);
			mainGroup = 79D9AB24220F582700C378C7;
			productRefGroup = 79D9AB2E220F582700C378C7 /* Products */;
			projectDirPath = "";
			projectRoot = "";
			targets = (
				79D9AB2C220F582700C378C7 /* Rec3D */,
			);
		};
/* End PBXProject section */

/* Begin PBXSourcesBuildPhase section */
		79D9AB29220F582700C378C7 /* Sources */ = {
			isa = PBXSourcesBuildPhase;
			buildActionMask = 2147483647;
			files = (
				796320B622145263000CC2CB /* camera.cpp in Sources */,
				79D9AB31220F582700C378C7 /* main.cpp in Sources */,
				796320B7221452AA000CC2CB /* volumebox.cpp in Sources */,
				796320BA221468E3000CC2CB /* image_io_png.cpp in Sources */,
			);
			runOnlyForDeploymentPostprocessing = 0;
		};
/* End PBXSourcesBuildPhase section */

/* Begin XCBuildConfiguration section */
		79D9AB32220F582700C378C7 /* Debug */ = {
			isa = XCBuildConfiguration;
			buildSettings = {
				ALWAYS_SEARCH_USER_PATHS = NO;
				CLANG_ANALYZER_NONNULL = YES;
				CLANG_ANALYZER_NUMBER_OBJECT_CONVERSION = YES_AGGRESSIVE;
				CLANG_CXX_LANGUAGE_STANDARD = "gnu++14";
				CLANG_CXX_LIBRARY = "libc++";
				CLANG_ENABLE_MODULES = NO;
				CLANG_ENABLE_OBJC_ARC = YES;
				CLANG_ENABLE_OBJC_WEAK = YES;
				CLANG_WARN_BLOCK_CAPTURE_AUTORELEASING = YES;
				CLANG_WARN_BOOL_CONVERSION = YES;
				CLANG_WARN_COMMA = YES;
				CLANG_WARN_CONSTANT_CONVERSION = YES;
				CLANG_WARN_CXX0X_EXTENSIONS = NO;
				CLANG_WARN_DEPRECATED_OBJC_IMPLEMENTATIONS = YES;
				CLANG_WARN_DIRECT_OBJC_ISA_USAGE = YES_ERROR;
				CLANG_WARN_DOCUMENTATION_COMMENTS = NO;
				CLANG_WARN_EMPTY_BODY = YES;
				CLANG_WARN_ENUM_CONVERSION = YES;
				CLANG_WARN_INFINITE_RECURSION = YES;
				CLANG_WARN_INT_CONVERSION = YES;
				CLANG_WARN_NON_LITERAL_NULL_CONVERSION = YES;
				CLANG_WARN_OBJC_IMPLICIT_RETAIN_SELF = YES;
				CLANG_WARN_OBJC_LITERAL_CONVERSION = YES;
				CLANG_WARN_OBJC_ROOT_CLASS = YES_ERROR;
				CLANG_WARN_RANGE_LOOP_ANALYSIS = YES;
				CLANG_WARN_STRICT_PROTOTYPES = YES;
				CLANG_WARN_SUSPICIOUS_MOVE = YES;
				CLANG_WARN_UNGUARDED_AVAILABILITY = YES_AGGRESSIVE;
				CLANG_WARN_UNREACHABLE_CODE = YES;
				CLANG_WARN__DUPLICATE_METHOD_MATCH = YES;
				CODE_SIGN_IDENTITY = "-";
				COMPILER_INDEX_STORE_ENABLE = NO;
				COPY_PHASE_STRIP = NO;
				DEBUG_INFORMATION_FORMAT = dwarf;
				ENABLE_STRICT_OBJC_MSGSEND = YES;
				ENABLE_TESTABILITY = YES;
				GCC_C_LANGUAGE_STANDARD = gnu11;
				GCC_DYNAMIC_NO_PIC = NO;
				GCC_INCREASE_PRECOMPILED_HEADER_SHARING = NO;
				GCC_NO_COMMON_BLOCKS = NO;
				GCC_OPTIMIZATION_LEVEL = 0;
				GCC_PREPROCESSOR_DEFINITIONS = (
					"DEBUG=1",
					"$(inherited)",
				);
				GCC_WARN_64_TO_32_BIT_CONVERSION = YES;
				GCC_WARN_ABOUT_RETURN_TYPE = YES_ERROR;
				GCC_WARN_UNDECLARED_SELECTOR = YES;
				GCC_WARN_UNINITIALIZED_AUTOS = YES_AGGRESSIVE;
				GCC_WARN_UNUSED_FUNCTION = YES;
				GCC_WARN_UNUSED_VARIABLE = YES;
				MACOSX_DEPLOYMENT_TARGET = 10.14;
				MTL_ENABLE_DEBUG_INFO = INCLUDE_SOURCE;
				MTL_FAST_MATH = YES;
				ONLY_ACTIVE_ARCH = YES;
				OTHER_CFLAGS = "-fopenmp";
				SDKROOT = macosx;
			};
			name = Debug;
		};
		79D9AB33220F582700C378C7 /* Release */ = {
			isa = XCBuildConfiguration;
			buildSettings = {
				ALWAYS_SEARCH_USER_PATHS = NO;
				CLANG_ANALYZER_NONNULL = YES;
				CLANG_ANALYZER_NUMBER_OBJECT_CONVERSION = YES_AGGRESSIVE;
				CLANG_CXX_LANGUAGE_STANDARD = "gnu++14";
				CLANG_CXX_LIBRARY = "libc++";
				CLANG_ENABLE_MODULES = NO;
				CLANG_ENABLE_OBJC_ARC = YES;
				CLANG_ENABLE_OBJC_WEAK = YES;
				CLANG_WARN_BLOCK_CAPTURE_AUTORELEASING = YES;
				CLANG_WARN_BOOL_CONVERSION = YES;
				CLANG_WARN_COMMA = YES;
				CLANG_WARN_CONSTANT_CONVERSION = YES;
				CLANG_WARN_CXX0X_EXTENSIONS = NO;
				CLANG_WARN_DEPRECATED_OBJC_IMPLEMENTATIONS = YES;
				CLANG_WARN_DIRECT_OBJC_ISA_USAGE = YES_ERROR;
				CLANG_WARN_DOCUMENTATION_COMMENTS = NO;
				CLANG_WARN_EMPTY_BODY = YES;
				CLANG_WARN_ENUM_CONVERSION = YES;
				CLANG_WARN_INFINITE_RECURSION = YES;
				CLANG_WARN_INT_CONVERSION = YES;
				CLANG_WARN_NON_LITERAL_NULL_CONVERSION = YES;
				CLANG_WARN_OBJC_IMPLICIT_RETAIN_SELF = YES;
				CLANG_WARN_OBJC_LITERAL_CONVERSION = YES;
				CLANG_WARN_OBJC_ROOT_CLASS = YES_ERROR;
				CLANG_WARN_RANGE_LOOP_ANALYSIS = YES;
				CLANG_WARN_STRICT_PROTOTYPES = YES;
				CLANG_WARN_SUSPICIOUS_MOVE = YES;
				CLANG_WARN_UNGUARDED_AVAILABILITY = YES_AGGRESSIVE;
				CLANG_WARN_UNREACHABLE_CODE = YES;
				CLANG_WARN__DUPLICATE_METHOD_MATCH = YES;
				CODE_SIGN_IDENTITY = "-";
				COMPILER_INDEX_STORE_ENABLE = NO;
				COPY_PHASE_STRIP = NO;
				DEBUG_INFORMATION_FORMAT = "dwarf-with-dsym";
				ENABLE_NS_ASSERTIONS = NO;
				ENABLE_STRICT_OBJC_MSGSEND = YES;
				GCC_C_LANGUAGE_STANDARD = gnu11;
				GCC_INCREASE_PRECOMPILED_HEADER_SHARING = NO;
				GCC_NO_COMMON_BLOCKS = NO;
				GCC_WARN_64_TO_32_BIT_CONVERSION = YES;
				GCC_WARN_ABOUT_RETURN_TYPE = YES_ERROR;
				GCC_WARN_UNDECLARED_SELECTOR = YES;
				GCC_WARN_UNINITIALIZED_AUTOS = YES_AGGRESSIVE;
				GCC_WARN_UNUSED_FUNCTION = YES;
				GCC_WARN_UNUSED_VARIABLE = YES;
				MACOSX_DEPLOYMENT_TARGET = 10.14;
				MTL_ENABLE_DEBUG_INFO = NO;
				MTL_FAST_MATH = YES;
				OTHER_CFLAGS = "-fopenmp";
				SDKROOT = macosx;
			};
			name = Release;
		};
		79D9AB35220F582700C378C7 /* Debug */ = {
			isa = XCBuildConfiguration;
			buildSettings = {
				CC = "/usr/local/opt/llvm/bin/clang-8";
				CODE_SIGN_STYLE = Automatic;
				GCC_INCREASE_PRECOMPILED_HEADER_SHARING = NO;
				GCC_NO_COMMON_BLOCKS = NO;
				HEADER_SEARCH_PATHS = "";
				"HEADER_SEARCH_PATHS[arch=*]" = (
					/usr/local/Cellar/opencv/4.1.0_1/include/opencv4,
					/usr/local/Cellar/llvm/8.0.0/include,
					/usr/local/Cellar/llvm/8.0.0/lib/clang/8.0.0/include,
					/usr/local/opt/gettext/include,
					/usr/local/opt/openblas/include,
					/usr/local/Cellar/libpng/1.6.36/include,
					"/Users/helena/Documents/TFG/daisy-1.8.1/usr/include",
					/usr/local/Cellar/vtk/8.2.0,
				);
				LIBRARY_SEARCH_PATHS = (
					"$(inherited)",
					/usr/local/lib,
					/usr/local/opt/llvm/lib,
					/usr/local/Cellar/llvm/8.0.0/lib,
					/usr/local/opt/libffi/lib,
					/usr/local/opt/gettext/lib,
					/usr/local/opt/openblas/lib,
					/usr/local/Cellar/libpng/1.6.36/lib,
					/usr/local/Cellar/llvm/8.0.0/Toolchains/LLVM8.0.0.xctoolchain,
					"/Users/helena/Documents/TFG/daisy-1.8.1/usr/lib",
					/usr/local/Cellar/opencv/4.1.0_1/lib,
					/usr/local/Cellar/vtk/8.2.0,
				);
				"OTHER_LDFLAGS[arch=*]" = (
					"$(OTHER_LDFLAGS)",
					"-lopencv_gapi",
					"-lopencv_stitching",
					"-lopencv_aruco",
					"-lopencv_bgsegm",
					"-lopencv_bioinspired",
					"-lopencv_ccalib",
					"-lopencv_dnn_objdetect",
					"-lopencv_dpm",
					"-lopencv_face",
					"-lopencv_fuzzy",
					"-lopencv_hfs",
					"-lopencv_img_hash",
					"-lopencv_line_descriptor",
					"-lopencv_reg",
					"-lopencv_rgbd",
					"-lopencv_saliency",
					"-lopencv_stereo",
					"-lopencv_structured_light",
					"-lopencv_phase_unwrapping",
					"-lopencv_superres",
					"-lopencv_optflow",
					"-lopencv_surface_matching",
					"-lopencv_tracking",
					"-lopencv_datasets",
					"-lopencv_dnn",
					"-lopencv_plot",
					"-lopencv_videostab",
					"-lopencv_video",
					"-lopencv_xfeatures2d",
					"-lopencv_shape",
					"-lopencv_ml",
					"-lopencv_ximgproc",
					"-lopencv_xobjdetect",
					"-lopencv_objdetect",
					"-lopencv_calib3d",
					"-lopencv_features2d",
					"-lopencv_highgui",
					"-lopencv_videoio",
					"-lopencv_imgcodecs",
					"-lopencv_flann",
					"-lopencv_xphoto",
					"-lopencv_photo",
					"-lopencv_imgproc",
					"-lopencv_core",
					"-ldaisy",
					"-lpng16",
					"-lz",
				);
				PRODUCT_NAME = "$(TARGET_NAME)";
			};
			name = Debug;
		};
		79D9AB36220F582700C378C7 /* Release */ = {
			isa = XCBuildConfiguration;
			buildSettings = {
				CC = "/usr/local/opt/llvm/bin/clang-8";
				CODE_SIGN_STYLE = Automatic;
				GCC_INCREASE_PRECOMPILED_HEADER_SHARING = NO;
				GCC_NO_COMMON_BLOCKS = NO;
				HEADER_SEARCH_PATHS = (
					/usr/local/Cellar/opencv/4.1.0_1/include/opencv4,
					/usr/local/Cellar/llvm/8.0.0/include,
					/usr/local/Cellar/llvm/8.0.0/lib/clang/8.0.0/include,
					/usr/local/opt/gettext/include,
					/usr/local/opt/openblas/include,
					/usr/local/Cellar/libpng/1.6.36/include,
					"/Users/helena/Documents/TFG/daisy-1.8.1/usr/include",
				);
				"HEADER_SEARCH_PATHS[arch=*]" = (
					/usr/local/Cellar/opencv/4.1.0_1/include/opencv4,
					/usr/local/Cellar/llvm/8.0.0/include,
					/usr/local/Cellar/llvm/8.0.0/lib/clang/8.0.0/include,
					/usr/local/opt/gettext/include,
					/usr/local/opt/openblas/include,
					/usr/local/Cellar/libpng/1.6.36/include,
					"/Users/helena/Documents/TFG/daisy-1.8.1/usr/include",
				);
				LIBRARY_SEARCH_PATHS = (
					"$(inherited)",
					/usr/local/lib,
					/usr/local/opt/llvm/lib,
					/usr/local/Cellar/llvm/8.0.0/lib,
					/usr/local/opt/libffi/lib,
					/usr/local/opt/gettext/lib,
					/usr/local/opt/openblas/lib,
					/usr/local/Cellar/libpng/1.6.36/lib,
					/usr/local/Cellar/llvm/8.0.0/Toolchains/LLVM8.0.0.xctoolchain,
					"/Users/helena/Documents/TFG/daisy-1.8.1/usr/lib",
					/usr/local/Cellar/opencv/4.1.0_1/lib,
					/usr/local/Cellar/vtk/8.2.0,
				);
				PRODUCT_NAME = "$(TARGET_NAME)";
			};
			name = Release;
		};
/* End XCBuildConfiguration section */

/* Begin XCConfigurationList section */
		79D9AB28220F582700C378C7 /* Build configuration list for PBXProject "Rec3D" */ = {
			isa = XCConfigurationList;
			buildConfigurations = (
				79D9AB32220F582700C378C7 /* Debug */,
				79D9AB33220F582700C378C7 /* Release */,
			);
			defaultConfigurationIsVisible = 0;
			defaultConfigurationName = Release;
		};
		79D9AB34220F582700C378C7 /* Build configuration list for PBXNativeTarget "Rec3D" */ = {
			isa = XCConfigurationList;
			buildConfigurations = (
				79D9AB35220F582700C378C7 /* Debug */,
				79D9AB36220F582700C378C7 /* Release */,
			);
			defaultConfigurationIsVisible = 0;
			defaultConfigurationName = Release;
		};
/* End XCConfigurationList section */
	};
	rootObject = 79D9AB25220F582700C378C7 /* Project object */;
}
